
Microsoft Visual Studio Solution File, Format Version 12.00
# Visual Studio Version 17
VisualStudioVersion = 17.9.34723.18
MinimumVisualStudioVersion = 10.0.40219.1
Project("{FAE04EC0-301F-11D3-BF4B-00C04F79EFBC}") = "AppLogs", "AppLogs\AppLogs.csproj", "{6AEF296E-843E-4648-A12B-CE6E9A37080A}"
EndProject
Global
	GlobalSection(SolutionConfigurationPlatforms) = preSolution
		Debug|Any CPU = Debug|Any CPU
		Release|Any CPU = Release|Any CPU
	EndGlobalSection
	GlobalSection(ProjectConfigurationPlatforms) = postSolution
		{6AEF296E-843E-4648-A12B-CE6E9A37080A}.Debug|Any CPU.ActiveCfg = Debug|Any CPU
		{6AEF296E-843E-4648-A12B-CE6E9A37080A}.Debug|Any CPU.Build.0 = Debug|Any CPU
		{6AEF296E-843E-4648-A12B-CE6E9A37080A}.Release|Any CPU.ActiveCfg = Release|Any CPU
		{6AEF296E-843E-4648-A12B-CE6E9A37080A}.Release|Any CPU.Build.0 = Release|Any CPU
	EndGlobalSection
	GlobalSection(SolutionProperties) = preSolution
		HideSolutionNode = FALSE
	EndGlobalSection
	GlobalSection(ExtensibilityGlobals) = postSolution
		SolutionGuid = {FEDA52B1-3905-43F7-BC28-62CD1ABC9B19}
	EndGlobalSection
EndGlobal
